
Microsoft Visual Studio Solution File, Format Version 11.00
# Visual Studio 2010
Project("{FAE04EC0-301F-11D3-BF4B-00C04F79EFBC}") = "Restbucks.Service", "Restbucks.Service\Restbucks.Service.csproj", "{B8B17CB5-7CA4-4324-A899-2F0074FB44A3}"
EndProject
Project("{FAE04EC0-301F-11D3-BF4B-00C04F79EFBC}") = "Restbucks.Service.Tests", "Restbucks.Service.Tests\Restbucks.Service.Tests.csproj", "{34EB5C7F-7F94-49C1-9DA6-E0EF13A3471F}"
EndProject
Project("{FAE04EC0-301F-11D3-BF4B-00C04F79EFBC}") = "Restbucks.Client.Console", "Restbucks.Client.Console\Restbucks.Client.Console.csproj", "{5E26DD82-5BB2-4688-8AE1-8C8BCA6FC3DC}"
EndProject
Project("{FAE04EC0-301F-11D3-BF4B-00C04F79EFBC}") = "Restbucks.Site", "Restbucks.Site\Restbucks.Site.csproj", "{184C1AE3-3776-4899-94B5-DCE483A848A3}"
EndProject
Global
	GlobalSection(SolutionConfigurationPlatforms) = preSolution
		Debug|Any CPU = Debug|Any CPU
		Debug|Mixed Platforms = Debug|Mixed Platforms
		Debug|x86 = Debug|x86
		Release|Any CPU = Release|Any CPU
		Release|Mixed Platforms = Release|Mixed Platforms
		Release|x86 = Release|x86
	EndGlobalSection
	GlobalSection(ProjectConfigurationPlatforms) = postSolution
		{B8B17CB5-7CA4-4324-A899-2F0074FB44A3}.Debug|Any CPU.ActiveCfg = Debug|Any CPU
		{B8B17CB5-7CA4-4324-A899-2F0074FB44A3}.Debug|Any CPU.Build.0 = Debug|Any CPU
		{B8B17CB5-7CA4-4324-A899-2F0074FB44A3}.Debug|Mixed Platforms.ActiveCfg = Debug|Any CPU
		{B8B17CB5-7CA4-4324-A899-2F0074FB44A3}.Debug|Mixed Platforms.Build.0 = Debug|Any CPU
		{B8B17CB5-7CA4-4324-A899-2F0074FB44A3}.Debug|x86.ActiveCfg = Debug|Any CPU
		{B8B17CB5-7CA4-4324-A899-2F0074FB44A3}.Release|Any CPU.ActiveCfg = Release|Any CPU
		{B8B17CB5-7CA4-4324-A899-2F0074FB44A3}.Release|Any CPU.Build.0 = Release|Any CPU
		{B8B17CB5-7CA4-4324-A899-2F0074FB44A3}.Release|Mixed Platforms.ActiveCfg = Release|Any CPU
		{B8B17CB5-7CA4-4324-A899-2F0074FB44A3}.Release|Mixed Platforms.Build.0 = Release|Any CPU
		{B8B17CB5-7CA4-4324-A899-2F0074FB44A3}.Release|x86.ActiveCfg = Release|Any CPU
		{34EB5C7F-7F94-49C1-9DA6-E0EF13A3471F}.Debug|Any CPU.ActiveCfg = Debug|Any CPU
		{34EB5C7F-7F94-49C1-9DA6-E0EF13A3471F}.Debug|Any CPU.Build.0 = Debug|Any CPU
		{34EB5C7F-7F94-49C1-9DA6-E0EF13A3471F}.Debug|Mixed Platforms.ActiveCfg = Debug|Any CPU
		{34EB5C7F-7F94-49C1-9DA6-E0EF13A3471F}.Debug|Mixed Platforms.Build.0 = Debug|Any CPU
		{34EB5C7F-7F94-49C1-9DA6-E0EF13A3471F}.Debug|x86.ActiveCfg = Debug|Any CPU
		{34EB5C7F-7F94-49C1-9DA6-E0EF13A3471F}.Release|Any CPU.ActiveCfg = Release|Any CPU
		{34EB5C7F-7F94-49C1-9DA6-E0EF13A3471F}.Release|Any CPU.Build.0 = Release|Any CPU
		{34EB5C7F-7F94-49C1-9DA6-E0EF13A3471F}.Release|Mixed Platforms.ActiveCfg = Release|Any CPU
		{34EB5C7F-7F94-49C1-9DA6-E0EF13A3471F}.Release|Mixed Platforms.Build.0 = Release|Any CPU
		{34EB5C7F-7F94-49C1-9DA6-E0EF13A3471F}.Release|x86.ActiveCfg = Release|Any CPU
		{5E26DD82-5BB2-4688-8AE1-8C8BCA6FC3DC}.Debug|Any CPU.ActiveCfg = Debug|x86
		{5E26DD82-5BB2-4688-8AE1-8C8BCA6FC3DC}.Debug|Mixed Platforms.ActiveCfg = Debug|x86
		{5E26DD82-5BB2-4688-8AE1-8C8BCA6FC3DC}.Debug|Mixed Platforms.Build.0 = Debug|x86
		{5E26DD82-5BB2-4688-8AE1-8C8BCA6FC3DC}.Debug|x86.ActiveCfg = Debug|x86
		{5E26DD82-5BB2-4688-8AE1-8C8BCA6FC3DC}.Debug|x86.Build.0 = Debug|x86
		{5E26DD82-5BB2-4688-8AE1-8C8BCA6FC3DC}.Release|Any CPU.ActiveCfg = Release|x86
		{5E26DD82-5BB2-4688-8AE1-8C8BCA6FC3DC}.Release|Mixed Platforms.ActiveCfg = Release|x86
		{5E26DD82-5BB2-4688-8AE1-8C8BCA6FC3DC}.Release|Mixed Platforms.Build.0 = Release|x86
		{5E26DD82-5BB2-4688-8AE1-8C8BCA6FC3DC}.Release|x86.ActiveCfg = Release|x86
		{5E26DD82-5BB2-4688-8AE1-8C8BCA6FC3DC}.Release|x86.Build.0 = Release|x86
		{184C1AE3-3776-4899-94B5-DCE483A848A3}.Debug|Any CPU.ActiveCfg = Debug|Any CPU
		{184C1AE3-3776-4899-94B5-DCE483A848A3}.Debug|Any CPU.Build.0 = Debug|Any CPU
		{184C1AE3-3776-4899-94B5-DCE483A848A3}.Debug|Mixed Platforms.ActiveCfg = Debug|Any CPU
		{184C1AE3-3776-4899-94B5-DCE483A848A3}.Debug|Mixed Platforms.Build.0 = Debug|Any CPU
		{184C1AE3-3776-4899-94B5-DCE483A848A3}.Debug|x86.ActiveCfg = Debug|Any CPU
		{184C1AE3-3776-4899-94B5-DCE483A848A3}.Release|Any CPU.ActiveCfg = Release|Any CPU
		{184C1AE3-3776-4899-94B5-DCE483A848A3}.Release|Any CPU.Build.0 = Release|Any CPU
		{184C1AE3-3776-4899-94B5-DCE483A848A3}.Release|Mixed Platforms.ActiveCfg = Release|Any CPU
		{184C1AE3-3776-4899-94B5-DCE483A848A3}.Release|Mixed Platforms.Build.0 = Release|Any CPU
		{184C1AE3-3776-4899-94B5-DCE483A848A3}.Release|x86.ActiveCfg = Release|Any CPU
	EndGlobalSection
	GlobalSection(SolutionProperties) = preSolution
		HideSolutionNode = FALSE
	EndGlobalSection
EndGlobal
